Microsoft Visual Studio Solution File, Format Version 12.00
# Visual Studio Version 17
VisualStudioVersion = 17.11.35208.52
MinimumVisualStudioVersion = 16.0.0.0
Project("{9A19103F-16F7-4668-BE54-9A1E7A4F7556}") = "Tacit_Experimentation.Windows", "Tacit_Experimentation.Windows\Tacit_Experimentation.Windows.csproj", "{EF9DF652-E297-4113-9E4C-A33DAB9E2FD2}"
EndProject
Project("{9A19103F-16F7-4668-BE54-9A1E7A4F7556}") = "Tacit_Experimentation", "Tacit_Experimentation\Tacit_Experimentation.csproj", "{23988E41-4A62-4835-B4C9-8C7C9E86635A}"
EndProject
Global
	GlobalSection(SolutionConfigurationPlatforms) = preSolution
		Debug|Any CPU = Debug|Any CPU
		Release|Any CPU = Release|Any CPU
	EndGlobalSection
	GlobalSection(ProjectConfigurationPlatforms) = postSolution
		{EF9DF652-E297-4113-9E4C-A33DAB9E2FD2}.Debug|Any CPU.ActiveCfg = Debug|Any CPU
		{EF9DF652-E297-4113-9E4C-A33DAB9E2FD2}.Debug|Any CPU.Build.0 = Debug|Any CPU
		{EF9DF652-E297-4113-9E4C-A33DAB9E2FD2}.Release|Any CPU.ActiveCfg = Release|Any CPU
		{EF9DF652-E297-4113-9E4C-A33DAB9E2FD2}.Release|Any CPU.Build.0 = Release|Any CPU
		{23988E41-4A62-4835-B4C9-8C7C9E86635A}.Debug|Any CPU.ActiveCfg = Debug|Any CPU
		{23988E41-4A62-4835-B4C9-8C7C9E86635A}.Debug|Any CPU.Build.0 = Debug|Any CPU
		{23988E41-4A62-4835-B4C9-8C7C9E86635A}.Release|Any CPU.ActiveCfg = Release|Any CPU
		{23988E41-4A62-4835-B4C9-8C7C9E86635A}.Release|Any CPU.Build.0 = Release|Any CPU
	EndGlobalSection
	GlobalSection(SolutionProperties) = preSolution
		HideSolutionNode = FALSE
	EndGlobalSection
EndGlobal
